
Microsoft Visual Studio Solution File, Format Version 12.00
# Visual Studio 15
VisualStudioVersion = 15.0.28307.489
MinimumVisualStudioVersion = 10.0.40219.1
Project("{FAE04EC0-301F-11D3-BF4B-00C04F79EFBC}") = "G2_AutomationFramework_new", "G2_AutomationFramework_new\G2_AutomationFramework_new.csproj", "{A6C96A10-8552-4DB4-9200-8AE0931D3DDD}"
EndProject
Project("{FAE04EC0-301F-11D3-BF4B-00C04F79EFBC}") = "EtsyAutomationTests_new", "AutomationTests_new\EtsyAutomationTests_new.csproj", "{F8814805-0A57-4E9A-B2F1-132E0C8EAD21}"
EndProject
Project("{FAE04EC0-301F-11D3-BF4B-00C04F79EFBC}") = "Jenkins", "Jenkins\Jenkins.csproj", "{510FA644-7ADD-4ACA-8C19-991D5FC6C13D}"
EndProject
Project("{FAE04EC0-301F-11D3-BF4B-00C04F79EFBC}") = "DB", "DB\DB.csproj", "{F59BBE40-3651-4481-A89C-CD781B29DB3C}"
EndProject
Global
	GlobalSection(SolutionConfigurationPlatforms) = preSolution
		Debug|Any CPU = Debug|Any CPU
		Release|Any CPU = Release|Any CPU
	EndGlobalSection
	GlobalSection(ProjectConfigurationPlatforms) = postSolution
		{A6C96A10-8552-4DB4-9200-8AE0931D3DDD}.Debug|Any CPU.ActiveCfg = Debug|Any CPU
		{A6C96A10-8552-4DB4-9200-8AE0931D3DDD}.Debug|Any CPU.Build.0 = Debug|Any CPU
		{A6C96A10-8552-4DB4-9200-8AE0931D3DDD}.Release|Any CPU.ActiveCfg = Release|Any CPU
		{A6C96A10-8552-4DB4-9200-8AE0931D3DDD}.Release|Any CPU.Build.0 = Release|Any CPU
		{F8814805-0A57-4E9A-B2F1-132E0C8EAD21}.Debug|Any CPU.ActiveCfg = Debug|Any CPU
		{F8814805-0A57-4E9A-B2F1-132E0C8EAD21}.Debug|Any CPU.Build.0 = Debug|Any CPU
		{F8814805-0A57-4E9A-B2F1-132E0C8EAD21}.Release|Any CPU.ActiveCfg = Release|Any CPU
		{F8814805-0A57-4E9A-B2F1-132E0C8EAD21}.Release|Any CPU.Build.0 = Release|Any CPU
		{510FA644-7ADD-4ACA-8C19-991D5FC6C13D}.Debug|Any CPU.ActiveCfg = Debug|Any CPU
		{510FA644-7ADD-4ACA-8C19-991D5FC6C13D}.Debug|Any CPU.Build.0 = Debug|Any CPU
		{510FA644-7ADD-4ACA-8C19-991D5FC6C13D}.Release|Any CPU.ActiveCfg = Release|Any CPU
		{510FA644-7ADD-4ACA-8C19-991D5FC6C13D}.Release|Any CPU.Build.0 = Release|Any CPU
		{F59BBE40-3651-4481-A89C-CD781B29DB3C}.Debug|Any CPU.ActiveCfg = Debug|Any CPU
		{F59BBE40-3651-4481-A89C-CD781B29DB3C}.Debug|Any CPU.Build.0 = Debug|Any CPU
		{F59BBE40-3651-4481-A89C-CD781B29DB3C}.Release|Any CPU.ActiveCfg = Release|Any CPU
		{F59BBE40-3651-4481-A89C-CD781B29DB3C}.Release|Any CPU.Build.0 = Release|Any CPU
	EndGlobalSection
	GlobalSection(SolutionProperties) = preSolution
		HideSolutionNode = FALSE
	EndGlobalSection
	GlobalSection(ExtensibilityGlobals) = postSolution
		SolutionGuid = {B9E06F11-C5E3-4BFF-98E5-E76AC5BF2132}
	EndGlobalSection
EndGlobal
